
Microsoft Visual Studio Solution File, Format Version 12.00
Project("{FAE04EC0-301F-11D3-BF4B-00C04F79EFBC}") = "FFXIVVenues.PlayTests", "FFXIVVenues.PlayTests\FFXIVVenues.PlayTests.csproj", "{248A335A-34BB-4423-B847-507AF5E3C708}"
EndProject
Global
	GlobalSection(SolutionConfigurationPlatforms) = preSolution
		Debug|Any CPU = Debug|Any CPU
		Release|Any CPU = Release|Any CPU
	EndGlobalSection
	GlobalSection(ProjectConfigurationPlatforms) = postSolution
		{248A335A-34BB-4423-B847-507AF5E3C708}.Debug|Any CPU.ActiveCfg = Debug|Any CPU
		{248A335A-34BB-4423-B847-507AF5E3C708}.Debug|Any CPU.Build.0 = Debug|Any CPU
		{248A335A-34BB-4423-B847-507AF5E3C708}.Release|Any CPU.ActiveCfg = Release|Any CPU
		{248A335A-34BB-4423-B847-507AF5E3C708}.Release|Any CPU.Build.0 = Release|Any CPU
	EndGlobalSection
EndGlobal
